// !$*UTF8*$!
{
	archiveVersion = 1;
	classes = {
	};
	objectVersion = 46;
	objects = {

/* Begin PBXBuildFile section */
		B6268AC21CC70C8700486ECF /* StageOneViewController.swift in Sources */ = {isa = PBXBuildFile; fileRef = B6268AC11CC70C8700486ECF /* StageOneViewController.swift */; };
		B6268AC41CC70C9100486ECF /* StageTwoViewController.swift in Sources */ = {isa = PBXBuildFile; fileRef = B6268AC31CC70C9100486ECF /* StageTwoViewController.swift */; };
		B6268AC61CC70C9B00486ECF /* StageThreeViewController.swift in Sources */ = {isa = PBXBuildFile; fileRef = B6268AC51CC70C9B00486ECF /* StageThreeViewController.swift */; };
		B6268AC81CC70CA400486ECF /* StageFourViewController.swift in Sources */ = {isa = PBXBuildFile; fileRef = B6268AC71CC70CA400486ECF /* StageFourViewController.swift */; };
		B6268ACA1CC797EA00486ECF /* StoryListTableViewCell.swift in Sources */ = {isa = PBXBuildFile; fileRef = B6268AC91CC797EA00486ECF /* StoryListTableViewCell.swift */; };
		B6268ACC1CC7980000486ECF /* StoryListTableViewCell.xib in Resources */ = {isa = PBXBuildFile; fileRef = B6268ACB1CC7980000486ECF /* StoryListTableViewCell.xib */; };
		B6268ACE1CC79E1200486ECF /* EditBoardViewController.swift in Sources */ = {isa = PBXBuildFile; fileRef = B6268ACD1CC79E1200486ECF /* EditBoardViewController.swift */; };
		B6268AD01CC862ED00486ECF /* CreateStoryViewController.swift in Sources */ = {isa = PBXBuildFile; fileRef = B6268ACF1CC862ED00486ECF /* CreateStoryViewController.swift */; };
		B6268AD61CC99A2600486ECF /* StoryListTableHeader.xib in Resources */ = {isa = PBXBuildFile; fileRef = B6268AD51CC99A2600486ECF /* StoryListTableHeader.xib */; };
		B6268AD81CC99B0600486ECF /* StoryListTableHeader.swift in Sources */ = {isa = PBXBuildFile; fileRef = B6268AD71CC99B0600486ECF /* StoryListTableHeader.swift */; };
		B6268ADA1CC9B7F700486ECF /* StoryDetailViewController.swift in Sources */ = {isa = PBXBuildFile; fileRef = B6268AD91CC9B7F700486ECF /* StoryDetailViewController.swift */; };
		B6268ADD1CCA584100486ECF /* CreateSubtaskViewController.swift in Sources */ = {isa = PBXBuildFile; fileRef = B6268ADC1CCA584100486ECF /* CreateSubtaskViewController.swift */; };
		B6268ADF1CCA6E1F00486ECF /* SubtaskDetailViewController.swift in Sources */ = {isa = PBXBuildFile; fileRef = B6268ADE1CCA6E1F00486ECF /* SubtaskDetailViewController.swift */; };
		B6268AE11CCBFB6800486ECF /* EditStoryViewController.swift in Sources */ = {isa = PBXBuildFile; fileRef = B6268AE01CCBFB6800486ECF /* EditStoryViewController.swift */; };
		B6268AE31CCF8B2100486ECF /* EditSubtaskViewController.swift in Sources */ = {isa = PBXBuildFile; fileRef = B6268AE21CCF8B2100486ECF /* EditSubtaskViewController.swift */; };
		B6C986BC1CC6A11100B60D54 /* StoryListNavigationViewController.swift in Sources */ = {isa = PBXBuildFile; fileRef = B6C986BB1CC6A11100B60D54 /* StoryListNavigationViewController.swift */; };
		B6E614491CBC5381003FB446 /* AppDelegate.swift in Sources */ = {isa = PBXBuildFile; fileRef = B6E614481CBC5381003FB446 /* AppDelegate.swift */; };
		B6E6144B1CBC5381003FB446 /* HomeScreenViewController.swift in Sources */ = {isa = PBXBuildFile; fileRef = B6E6144A1CBC5381003FB446 /* HomeScreenViewController.swift */; };
		B6E6144E1CBC5381003FB446 /* Main.storyboard in Resources */ = {isa = PBXBuildFile; fileRef = B6E6144C1CBC5381003FB446 /* Main.storyboard */; };
		B6E614511CBC5381003FB446 /* AgileLife.xcdatamodeld in Sources */ = {isa = PBXBuildFile; fileRef = B6E6144F1CBC5381003FB446 /* AgileLife.xcdatamodeld */; };
		B6E614531CBC5381003FB446 /* Assets.xcassets in Resources */ = {isa = PBXBuildFile; fileRef = B6E614521CBC5381003FB446 /* Assets.xcassets */; };
		B6E614561CBC5381003FB446 /* LaunchScreen.storyboard in Resources */ = {isa = PBXBuildFile; fileRef = B6E614541CBC5381003FB446 /* LaunchScreen.storyboard */; };
		B6E614611CBC54B4003FB446 /* SWRevealViewController.m in Sources */ = {isa = PBXBuildFile; fileRef = B6E614601CBC54B4003FB446 /* SWRevealViewController.m */; };
		B6E614691CBC71A8003FB446 /* ViewControllerExtensions.swift in Sources */ = {isa = PBXBuildFile; fileRef = B6E614681CBC71A8003FB446 /* ViewControllerExtensions.swift */; };
		B6E6146B1CBD5EA2003FB446 /* SideMenuViewController.swift in Sources */ = {isa = PBXBuildFile; fileRef = B6E6146A1CBD5EA2003FB446 /* SideMenuViewController.swift */; };
		B6E6146D1CBD6138003FB446 /* BoardListSideMenuTableViewCell.swift in Sources */ = {isa = PBXBuildFile; fileRef = B6E6146C1CBD6138003FB446 /* BoardListSideMenuTableViewCell.swift */; };
		B6E6146F1CBD6156003FB446 /* AgileLifeTableViewCell.swift in Sources */ = {isa = PBXBuildFile; fileRef = B6E6146E1CBD6156003FB446 /* AgileLifeTableViewCell.swift */; };
		B6E614761CBF2E26003FB446 /* BLSideMenuTableHeader.xib in Resources */ = {isa = PBXBuildFile; fileRef = B6E614751CBF2E26003FB446 /* BLSideMenuTableHeader.xib */; };
		B6E614781CBF2FC4003FB446 /* BLSideMenuTableHeader.swift in Sources */ = {isa = PBXBuildFile; fileRef = B6E614771CBF2FC4003FB446 /* BLSideMenuTableHeader.swift */; };
		B6E6147A1CC01586003FB446 /* ALSideMenuTableHeader.xib in Resources */ = {isa = PBXBuildFile; fileRef = B6E614791CC01586003FB446 /* ALSideMenuTableHeader.xib */; };
		B6E6147E1CC01930003FB446 /* ALSideMenuTableHeader.swift in Sources */ = {isa = PBXBuildFile; fileRef = B6E6147D1CC01930003FB446 /* ALSideMenuTableHeader.swift */; };
		B6E614801CC01B1D003FB446 /* BLSideMenuTableFooter.swift in Sources */ = {isa = PBXBuildFile; fileRef = B6E6147F1CC01B1D003FB446 /* BLSideMenuTableFooter.swift */; };
		B6E614821CC01B30003FB446 /* BLSideMenuTableFooter.xib in Resources */ = {isa = PBXBuildFile; fileRef = B6E614811CC01B30003FB446 /* BLSideMenuTableFooter.xib */; };
		B6E614861CC06611003FB446 /* CreateBoardViewController.swift in Sources */ = {isa = PBXBuildFile; fileRef = B6E614851CC06611003FB446 /* CreateBoardViewController.swift */; };
		B6F9AC021CC28EB1006CF314 /* HomeScreenNavigationController.swift in Sources */ = {isa = PBXBuildFile; fileRef = B6F9AC011CC28EB1006CF314 /* HomeScreenNavigationController.swift */; };
		B6F9AC081CC29A90006CF314 /* HomeScreenTableViewCell.xib in Resources */ = {isa = PBXBuildFile; fileRef = B6F9AC071CC29A90006CF314 /* HomeScreenTableViewCell.xib */; };
		B6F9AC0A1CC29D45006CF314 /* HomeScreenTableViewCell.swift in Sources */ = {isa = PBXBuildFile; fileRef = B6F9AC091CC29D45006CF314 /* HomeScreenTableViewCell.swift */; };
		B6F9AC0C1CC2FDAB006CF314 /* HomeScreenTableViewHeader.swift in Sources */ = {isa = PBXBuildFile; fileRef = B6F9AC0B1CC2FDAB006CF314 /* HomeScreenTableViewHeader.swift */; };
		B6F9AC101CC2FE56006CF314 /* HomeScreenTableViewHeader.xib in Resources */ = {isa = PBXBuildFile; fileRef = B6F9AC0F1CC2FE56006CF314 /* HomeScreenTableViewHeader.xib */; };
		B6F9AC121CC3060F006CF314 /* StoryListViewController.swift in Sources */ = {isa = PBXBuildFile; fileRef = B6F9AC111CC3060F006CF314 /* StoryListViewController.swift */; };
		B6F9AC141CC3064B006CF314 /* DonateViewController.swift in Sources */ = {isa = PBXBuildFile; fileRef = B6F9AC131CC3064B006CF314 /* DonateViewController.swift */; };
		B6F9AC161CC3065A006CF314 /* AboutViewController.swift in Sources */ = {isa = PBXBuildFile; fileRef = B6F9AC151CC3065A006CF314 /* AboutViewController.swift */; };
		B6F9AC181CC30664006CF314 /* SupportViewController.swift in Sources */ = {isa = PBXBuildFile; fileRef = B6F9AC171CC30664006CF314 /* SupportViewController.swift */; };
		B6F9AC1A1CC3066D006CF314 /* LegalViewController.swift in Sources */ = {isa = PBXBuildFile; fileRef = B6F9AC191CC3066D006CF314 /* LegalViewController.swift */; };
		B6F9AC1C1CC307AB006CF314 /* HomeScreenTableViewFooter.xib in Resources */ = {isa = PBXBuildFile; fileRef = B6F9AC1B1CC307AB006CF314 /* HomeScreenTableViewFooter.xib */; };
		B6F9AC1E1CC307DC006CF314 /* HomeScreenTableViewFooter.swift in Sources */ = {isa = PBXBuildFile; fileRef = B6F9AC1D1CC307DC006CF314 /* HomeScreenTableViewFooter.swift */; };
		B6F9AC391CC4F1AD006CF314 /* CoreDataModels.swift in Sources */ = {isa = PBXBuildFile; fileRef = B6F9AC381CC4F1AD006CF314 /* CoreDataModels.swift */; };
		B6F9AC4C1CC50638006CF314 /* Boards+CoreDataProperties.swift in Sources */ = {isa = PBXBuildFile; fileRef = B6F9AC461CC50638006CF314 /* Boards+CoreDataProperties.swift */; };
		B6F9AC4D1CC50638006CF314 /* Boards.swift in Sources */ = {isa = PBXBuildFile; fileRef = B6F9AC471CC50638006CF314 /* Boards.swift */; };
		B6F9AC4E1CC50638006CF314 /* Stories+CoreDataProperties.swift in Sources */ = {isa = PBXBuildFile; fileRef = B6F9AC481CC50638006CF314 /* Stories+CoreDataProperties.swift */; };
		B6F9AC4F1CC50638006CF314 /* Stories.swift in Sources */ = {isa = PBXBuildFile; fileRef = B6F9AC491CC50638006CF314 /* Stories.swift */; };
		B6F9AC501CC50638006CF314 /* Subtasks+CoreDataProperties.swift in Sources */ = {isa = PBXBuildFile; fileRef = B6F9AC4A1CC50638006CF314 /* Subtasks+CoreDataProperties.swift */; };
		B6F9AC511CC50638006CF314 /* Subtasks.swift in Sources */ = {isa = PBXBuildFile; fileRef = B6F9AC4B1CC50638006CF314 /* Subtasks.swift */; };
		B6F9AC551CC646DB006CF314 /* GlobalEnums.swift in Sources */ = {isa = PBXBuildFile; fileRef = B6F9AC541CC646DB006CF314 /* GlobalEnums.swift */; };
		B6F9AC571CC64948006CF314 /* ViewDelegates.swift in Sources */ = {isa = PBXBuildFile; fileRef = B6F9AC561CC64948006CF314 /* ViewDelegates.swift */; };
/* End PBXBuildFile section */

/* Begin PBXFileReference section */
		B6268AC11CC70C8700486ECF /* StageOneViewController.swift */ = {isa = PBXFileReference; fileEncoding = 4; lastKnownFileType = sourcecode.swift; path = StageOneViewController.swift; sourceTree = "<group>"; };
		B6268AC31CC70C9100486ECF /* StageTwoViewController.swift */ = {isa = PBXFileReference; fileEncoding = 4; lastKnownFileType = sourcecode.swift; path = StageTwoViewController.swift; sourceTree = "<group>"; };
		B6268AC51CC70C9B00486ECF /* StageThreeViewController.swift */ = {isa = PBXFileReference; fileEncoding = 4; lastKnownFileType = sourcecode.swift; path = StageThreeViewController.swift; sourceTree = "<group>"; };
		B6268AC71CC70CA400486ECF /* StageFourViewController.swift */ = {isa = PBXFileReference; fileEncoding = 4; lastKnownFileType = sourcecode.swift; path = StageFourViewController.swift; sourceTree = "<group>"; };
		B6268AC91CC797EA00486ECF /* StoryListTableViewCell.swift */ = {isa = PBXFileReference; fileEncoding = 4; lastKnownFileType = sourcecode.swift; path = StoryListTableViewCell.swift; sourceTree = "<group>"; };
		B6268ACB1CC7980000486ECF /* StoryListTableViewCell.xib */ = {isa = PBXFileReference; fileEncoding = 4; lastKnownFileType = file.xib; path = StoryListTableViewCell.xib; sourceTree = "<group>"; };
		B6268ACD1CC79E1200486ECF /* EditBoardViewController.swift */ = {isa = PBXFileReference; fileEncoding = 4; lastKnownFileType = sourcecode.swift; path = EditBoardViewController.swift; sourceTree = "<group>"; };
		B6268ACF1CC862ED00486ECF /* CreateStoryViewController.swift */ = {isa = PBXFileReference; fileEncoding = 4; lastKnownFileType = sourcecode.swift; path = CreateStoryViewController.swift; sourceTree = "<group>"; };
		B6268AD51CC99A2600486ECF /* StoryListTableHeader.xib */ = {isa = PBXFileReference; fileEncoding = 4; lastKnownFileType = file.xib; path = StoryListTableHeader.xib; sourceTree = "<group>"; };
		B6268AD71CC99B0600486ECF /* StoryListTableHeader.swift */ = {isa = PBXFileReference; fileEncoding = 4; lastKnownFileType = sourcecode.swift; path = StoryListTableHeader.swift; sourceTree = "<group>"; };
		B6268AD91CC9B7F700486ECF /* StoryDetailViewController.swift */ = {isa = PBXFileReference; fileEncoding = 4; lastKnownFileType = sourcecode.swift; path = StoryDetailViewController.swift; sourceTree = "<group>"; };
		B6268ADC1CCA584100486ECF /* CreateSubtaskViewController.swift */ = {isa = PBXFileReference; fileEncoding = 4; lastKnownFileType = sourcecode.swift; path = CreateSubtaskViewController.swift; sourceTree = "<group>"; };
		B6268ADE1CCA6E1F00486ECF /* SubtaskDetailViewController.swift */ = {isa = PBXFileReference; fileEncoding = 4; lastKnownFileType = sourcecode.swift; path = SubtaskDetailViewController.swift; sourceTree = "<group>"; };
		B6268AE01CCBFB6800486ECF /* EditStoryViewController.swift */ = {isa = PBXFileReference; fileEncoding = 4; lastKnownFileType = sourcecode.swift; path = EditStoryViewController.swift; sourceTree = "<group>"; };
		B6268AE21CCF8B2100486ECF /* EditSubtaskViewController.swift */ = {isa = PBXFileReference; fileEncoding = 4; lastKnownFileType = sourcecode.swift; path = EditSubtaskViewController.swift; sourceTree = "<group>"; };
		B6C986BB1CC6A11100B60D54 /* StoryListNavigationViewController.swift */ = {isa = PBXFileReference; fileEncoding = 4; lastKnownFileType = sourcecode.swift; path = StoryListNavigationViewController.swift; sourceTree = "<group>"; };
		B6E614451CBC5381003FB446 /* Agile Life.app */ = {isa = PBXFileReference; explicitFileType = wrapper.application; includeInIndex = 0; path = "Agile Life.app"; sourceTree = BUILT_PRODUCTS_DIR; };
		B6E614481CBC5381003FB446 /* AppDelegate.swift */ = {isa = PBXFileReference; lastKnownFileType = sourcecode.swift; path = AppDelegate.swift; sourceTree = "<group>"; };
		B6E6144A1CBC5381003FB446 /* HomeScreenViewController.swift */ = {isa = PBXFileReference; lastKnownFileType = sourcecode.swift; path = HomeScreenViewController.swift; sourceTree = "<group>"; };
		B6E6144D1CBC5381003FB446 /* Base */ = {isa = PBXFileReference; lastKnownFileType = file.storyboard; name = Base; path = Base.lproj/Main.storyboard; sourceTree = "<group>"; };
		B6E614501CBC5381003FB446 /* AgileLife.xcdatamodel */ = {isa = PBXFileReference; lastKnownFileType = wrapper.xcdatamodel; path = AgileLife.xcdatamodel; sourceTree = "<group>"; };
		B6E614521CBC5381003FB446 /* Assets.xcassets */ = {isa = PBXFileReference; lastKnownFileType = folder.assetcatalog; path = Assets.xcassets; sourceTree = "<group>"; };
		B6E614551CBC5381003FB446 /* Base */ = {isa = PBXFileReference; lastKnownFileType = file.storyboard; name = Base; path = Base.lproj/LaunchScreen.storyboard; sourceTree = "<group>"; };
		B6E614571CBC5381003FB446 /* Info.plist */ = {isa = PBXFileReference; lastKnownFileType = text.plist.xml; path = Info.plist; sourceTree = "<group>"; };
		B6E6145D1CBC54B3003FB446 /* AgileLife-Bridging-Header.h */ = {isa = PBXFileReference; lastKnownFileType = sourcecode.c.h; path = "AgileLife-Bridging-Header.h"; sourceTree = "<group>"; };
		B6E6145F1CBC54B4003FB446 /* SWRevealViewController.h */ = {isa = PBXFileReference; fileEncoding = 4; lastKnownFileType = sourcecode.c.h; path = SWRevealViewController.h; sourceTree = "<group>"; };
		B6E614601CBC54B4003FB446 /* SWRevealViewController.m */ = {isa = PBXFileReference; fileEncoding = 4; lastKnownFileType = sourcecode.c.objc; path = SWRevealViewController.m; sourceTree = "<group>"; };
		B6E614681CBC71A8003FB446 /* ViewControllerExtensions.swift */ = {isa = PBXFileReference; fileEncoding = 4; lastKnownFileType = sourcecode.swift; path = ViewControllerExtensions.swift; sourceTree = "<group>"; };
		B6E6146A1CBD5EA2003FB446 /* SideMenuViewController.swift */ = {isa = PBXFileReference; fileEncoding = 4; lastKnownFileType = sourcecode.swift; path = SideMenuViewController.swift; sourceTree = "<group>"; };
		B6E6146C1CBD6138003FB446 /* BoardListSideMenuTableViewCell.swift */ = {isa = PBXFileReference; fileEncoding = 4; lastKnownFileType = sourcecode.swift; path = BoardListSideMenuTableViewCell.swift; sourceTree = "<group>"; };
		B6E6146E1CBD6156003FB446 /* AgileLifeTableViewCell.swift */ = {isa = PBXFileReference; fileEncoding = 4; lastKnownFileType = sourcecode.swift; path = AgileLifeTableViewCell.swift; sourceTree = "<group>"; };
		B6E614751CBF2E26003FB446 /* BLSideMenuTableHeader.xib */ = {isa = PBXFileReference; fileEncoding = 4; lastKnownFileType = file.xib; path = BLSideMenuTableHeader.xib; sourceTree = "<group>"; };
		B6E614771CBF2FC4003FB446 /* BLSideMenuTableHeader.swift */ = {isa = PBXFileReference; fileEncoding = 4; lastKnownFileType = sourcecode.swift; path = BLSideMenuTableHeader.swift; sourceTree = "<group>"; };
		B6E614791CC01586003FB446 /* ALSideMenuTableHeader.xib */ = {isa = PBXFileReference; fileEncoding = 4; lastKnownFileType = file.xib; path = ALSideMenuTableHeader.xib; sourceTree = "<group>"; };
		B6E6147D1CC01930003FB446 /* ALSideMenuTableHeader.swift */ = {isa = PBXFileReference; fileEncoding = 4; lastKnownFileType = sourcecode.swift; path = ALSideMenuTableHeader.swift; sourceTree = "<group>"; };
		B6E6147F1CC01B1D003FB446 /* BLSideMenuTableFooter.swift */ = {isa = PBXFileReference; fileEncoding = 4; lastKnownFileType = sourcecode.swift; path = BLSideMenuTableFooter.swift; sourceTree = "<group>"; };
		B6E614811CC01B30003FB446 /* BLSideMenuTableFooter.xib */ = {isa = PBXFileReference; fileEncoding = 4; lastKnownFileType = file.xib; path = BLSideMenuTableFooter.xib; sourceTree = "<group>"; };
		B6E614851CC06611003FB446 /* CreateBoardViewController.swift */ = {isa = PBXFileReference; fileEncoding = 4; lastKnownFileType = sourcecode.swift; path = CreateBoardViewController.swift; sourceTree = "<group>"; };
		B6F9AC011CC28EB1006CF314 /* HomeScreenNavigationController.swift */ = {isa = PBXFileReference; fileEncoding = 4; lastKnownFileType = sourcecode.swift; path = HomeScreenNavigationController.swift; sourceTree = "<group>"; };
		B6F9AC071CC29A90006CF314 /* HomeScreenTableViewCell.xib */ = {isa = PBXFileReference; fileEncoding = 4; lastKnownFileType = file.xib; path = HomeScreenTableViewCell.xib; sourceTree = "<group>"; };
		B6F9AC091CC29D45006CF314 /* HomeScreenTableViewCell.swift */ = {isa = PBXFileReference; fileEncoding = 4; lastKnownFileType = sourcecode.swift; path = HomeScreenTableViewCell.swift; sourceTree = "<group>"; };
		B6F9AC0B1CC2FDAB006CF314 /* HomeScreenTableViewHeader.swift */ = {isa = PBXFileReference; fileEncoding = 4; lastKnownFileType = sourcecode.swift; path = HomeScreenTableViewHeader.swift; sourceTree = "<group>"; };
		B6F9AC0F1CC2FE56006CF314 /* HomeScreenTableViewHeader.xib */ = {isa = PBXFileReference; fileEncoding = 4; lastKnownFileType = file.xib; path = HomeScreenTableViewHeader.xib; sourceTree = "<group>"; };
		B6F9AC111CC3060F006CF314 /* StoryListViewController.swift */ = {isa = PBXFileReference; fileEncoding = 4; lastKnownFileType = sourcecode.swift; path = StoryListViewController.swift; sourceTree = "<group>"; };
		B6F9AC131CC3064B006CF314 /* DonateViewController.swift */ = {isa = PBXFileReference; fileEncoding = 4; lastKnownFileType = sourcecode.swift; path = DonateViewController.swift; sourceTree = "<group>"; };
		B6F9AC151CC3065A006CF314 /* AboutViewController.swift */ = {isa = PBXFileReference; fileEncoding = 4; lastKnownFileType = sourcecode.swift; path = AboutViewController.swift; sourceTree = "<group>"; };
		B6F9AC171CC30664006CF314 /* SupportViewController.swift */ = {isa = PBXFileReference; fileEncoding = 4; lastKnownFileType = sourcecode.swift; path = SupportViewController.swift; sourceTree = "<group>"; };
		B6F9AC191CC3066D006CF314 /* LegalViewController.swift */ = {isa = PBXFileReference; fileEncoding = 4; lastKnownFileType = sourcecode.swift; path = LegalViewController.swift; sourceTree = "<group>"; };
		B6F9AC1B1CC307AB006CF314 /* HomeScreenTableViewFooter.xib */ = {isa = PBXFileReference; fileEncoding = 4; lastKnownFileType = file.xib; path = HomeScreenTableViewFooter.xib; sourceTree = "<group>"; };
		B6F9AC1D1CC307DC006CF314 /* HomeScreenTableViewFooter.swift */ = {isa = PBXFileReference; fileEncoding = 4; lastKnownFileType = sourcecode.swift; path = HomeScreenTableViewFooter.swift; sourceTree = "<group>"; };
		B6F9AC381CC4F1AD006CF314 /* CoreDataModels.swift */ = {isa = PBXFileReference; fileEncoding = 4; lastKnownFileType = sourcecode.swift; path = CoreDataModels.swift; sourceTree = "<group>"; };
		B6F9AC461CC50638006CF314 /* Boards+CoreDataProperties.swift */ = {isa = PBXFileReference; fileEncoding = 4; lastKnownFileType = sourcecode.swift; name = "Boards+CoreDataProperties.swift"; path = "AgileLife/Boards+CoreDataProperties.swift"; sourceTree = "<group>"; };
		B6F9AC471CC50638006CF314 /* Boards.swift */ = {isa = PBXFileReference; fileEncoding = 4; lastKnownFileType = sourcecode.swift; name = Boards.swift; path = AgileLife/Boards.swift; sourceTree = "<group>"; };
		B6F9AC481CC50638006CF314 /* Stories+CoreDataProperties.swift */ = {isa = PBXFileReference; fileEncoding = 4; lastKnownFileType = sourcecode.swift; name = "Stories+CoreDataProperties.swift"; path = "AgileLife/Stories+CoreDataProperties.swift"; sourceTree = "<group>"; };
		B6F9AC491CC50638006CF314 /* Stories.swift */ = {isa = PBXFileReference; fileEncoding = 4; lastKnownFileType = sourcecode.swift; name = Stories.swift; path = AgileLife/Stories.swift; sourceTree = "<group>"; };
		B6F9AC4A1CC50638006CF314 /* Subtasks+CoreDataProperties.swift */ = {isa = PBXFileReference; fileEncoding = 4; lastKnownFileType = sourcecode.swift; name = "Subtasks+CoreDataProperties.swift"; path = "AgileLife/Subtasks+CoreDataProperties.swift"; sourceTree = "<group>"; };
		B6F9AC4B1CC50638006CF314 /* Subtasks.swift */ = {isa = PBXFileReference; fileEncoding = 4; lastKnownFileType = sourcecode.swift; name = Subtasks.swift; path = AgileLife/Subtasks.swift; sourceTree = "<group>"; };
		B6F9AC541CC646DB006CF314 /* GlobalEnums.swift */ = {isa = PBXFileReference; fileEncoding = 4; lastKnownFileType = sourcecode.swift; path = GlobalEnums.swift; sourceTree = "<group>"; };
		B6F9AC561CC64948006CF314 /* ViewDelegates.swift */ = {isa = PBXFileReference; fileEncoding = 4; lastKnownFileType = sourcecode.swift; path = ViewDelegates.swift; sourceTree = "<group>"; };
/* End PBXFileReference section */

/* Begin PBXFrameworksBuildPhase section */
		B6E614421CBC5381003FB446 /* Frameworks */ = {
			isa = PBXFrameworksBuildPhase;
			buildActionMask = 2147483647;
			files = (
			);
			runOnlyForDeploymentPostprocessing = 0;
		};
/* End PBXFrameworksBuildPhase section */

/* Begin PBXGroup section */
		B6268AD11CC9848F00486ECF /* Stories */ = {
			isa = PBXGroup;
			children = (
				B6C986BB1CC6A11100B60D54 /* StoryListNavigationViewController.swift */,
				B6F9AC111CC3060F006CF314 /* StoryListViewController.swift */,
				B6268ACF1CC862ED00486ECF /* CreateStoryViewController.swift */,
				B6268AE01CCBFB6800486ECF /* EditStoryViewController.swift */,
				B6268AD91CC9B7F700486ECF /* StoryDetailViewController.swift */,
				B6268AC11CC70C8700486ECF /* StageOneViewController.swift */,
				B6268AC31CC70C9100486ECF /* StageTwoViewController.swift */,
				B6268AC51CC70C9B00486ECF /* StageThreeViewController.swift */,
				B6268AC71CC70CA400486ECF /* StageFourViewController.swift */,
			);
			name = Stories;
			sourceTree = "<group>";
		};
		B6268AD21CC984A000486ECF /* Boards */ = {
			isa = PBXGroup;
			children = (
				B6E614851CC06611003FB446 /* CreateBoardViewController.swift */,
				B6268ACD1CC79E1200486ECF /* EditBoardViewController.swift */,
			);
			name = Boards;
			sourceTree = "<group>";
		};
		B6268AD31CC984BE00486ECF /* Layout */ = {
			isa = PBXGroup;
			children = (
				B6E6144A1CBC5381003FB446 /* HomeScreenViewController.swift */,
				B6F9AC011CC28EB1006CF314 /* HomeScreenNavigationController.swift */,
				B6E6146A1CBD5EA2003FB446 /* SideMenuViewController.swift */,
			);
			name = Layout;
			sourceTree = "<group>";
		};
		B6268AD41CC984CE00486ECF /* Static Screens */ = {
			isa = PBXGroup;
			children = (
				B6F9AC131CC3064B006CF314 /* DonateViewController.swift */,
				B6F9AC151CC3065A006CF314 /* AboutViewController.swift */,
				B6F9AC171CC30664006CF314 /* SupportViewController.swift */,
				B6F9AC191CC3066D006CF314 /* LegalViewController.swift */,
			);
			name = "Static Screens";
			sourceTree = "<group>";
		};
		B6268ADB1CCA583300486ECF /* Subtasks */ = {
			isa = PBXGroup;
			children = (
				B6268ADC1CCA584100486ECF /* CreateSubtaskViewController.swift */,
				B6268ADE1CCA6E1F00486ECF /* SubtaskDetailViewController.swift */,
				B6268AE21CCF8B2100486ECF /* EditSubtaskViewController.swift */,
			);
			name = Subtasks;
			sourceTree = "<group>";
		};
		B6E6143C1CBC5381003FB446 = {
			isa = PBXGroup;
			children = (
				B6E614471CBC5381003FB446 /* AgileLife */,
				B6E614461CBC5381003FB446 /* Products */,
			);
			sourceTree = "<group>";
		};
		B6E614461CBC5381003FB446 /* Products */ = {
			isa = PBXGroup;
			children = (
				B6E614451CBC5381003FB446 /* Agile Life.app */,
			);
			name = Products;
			sourceTree = "<group>";
		};
		B6E614471CBC5381003FB446 /* AgileLife */ = {
			isa = PBXGroup;
			children = (
				B6E614671CBC7193003FB446 /* Extensions */,
				B6E614621CBC54D3003FB446 /* Libraries */,
				B6E614641CBC5507003FB446 /* Models */,
				B6E614651CBC551D003FB446 /* Views */,
				B6E614661CBC5536003FB446 /* Controllers */,
				B6E6144C1CBC5381003FB446 /* Main.storyboard */,
				B6E614521CBC5381003FB446 /* Assets.xcassets */,
				B6E614481CBC5381003FB446 /* AppDelegate.swift */,
				B6E614541CBC5381003FB446 /* LaunchScreen.storyboard */,
				B6E614571CBC5381003FB446 /* Info.plist */,
				B6E6144F1CBC5381003FB446 /* AgileLife.xcdatamodeld */,
			);
			path = AgileLife;
			sourceTree = "<group>";
		};
		B6E614621CBC54D3003FB446 /* Libraries */ = {
			isa = PBXGroup;
			children = (
				B6E614631CBC54F8003FB446 /* SWRevealViewController */,
			);
			name = Libraries;
			sourceTree = "<group>";
		};
		B6E614631CBC54F8003FB446 /* SWRevealViewController */ = {
			isa = PBXGroup;
			children = (
				B6E6145D1CBC54B3003FB446 /* AgileLife-Bridging-Header.h */,
				B6E6145F1CBC54B4003FB446 /* SWRevealViewController.h */,
				B6E614601CBC54B4003FB446 /* SWRevealViewController.m */,
			);
			name = SWRevealViewController;
			sourceTree = "<group>";
		};
		B6E614641CBC5507003FB446 /* Models */ = {
			isa = PBXGroup;
			children = (
				B6F9AC2B1CC4EDCC006CF314 /* Entities */,
				B6F9AC381CC4F1AD006CF314 /* CoreDataModels.swift */,
				B6F9AC541CC646DB006CF314 /* GlobalEnums.swift */,
				B6F9AC561CC64948006CF314 /* ViewDelegates.swift */,
			);
			name = Models;
			sourceTree = "<group>";
		};
		B6E614651CBC551D003FB446 /* Views */ = {
			isa = PBXGroup;
			children = (
				B6F9AC061CC29A6F006CF314 /* Table Cells */,
				B6F9AC031CC29A2B006CF314 /* Table Headers */,
				B6F9AC041CC29A37006CF314 /* Table Footers */,
			);
			name = Views;
			sourceTree = "<group>";
		};
		B6E614661CBC5536003FB446 /* Controllers */ = {
			isa = PBXGroup;
			children = (
				B6268ADB1CCA583300486ECF /* Subtasks */,
				B6268AD41CC984CE00486ECF /* Static Screens */,
				B6268AD31CC984BE00486ECF /* Layout */,
				B6268AD21CC984A000486ECF /* Boards */,
				B6268AD11CC9848F00486ECF /* Stories */,
			);
			name = Controllers;
			sourceTree = "<group>";
		};
		B6E614671CBC7193003FB446 /* Extensions */ = {
			isa = PBXGroup;
			children = (
				B6E614681CBC71A8003FB446 /* ViewControllerExtensions.swift */,
			);
			name = Extensions;
			sourceTree = "<group>";
		};
		B6F9AC031CC29A2B006CF314 /* Table Headers */ = {
			isa = PBXGroup;
			children = (
				B6E614751CBF2E26003FB446 /* BLSideMenuTableHeader.xib */,
				B6E614771CBF2FC4003FB446 /* BLSideMenuTableHeader.swift */,
				B6E614791CC01586003FB446 /* ALSideMenuTableHeader.xib */,
				B6E6147D1CC01930003FB446 /* ALSideMenuTableHeader.swift */,
				B6F9AC0F1CC2FE56006CF314 /* HomeScreenTableViewHeader.xib */,
				B6F9AC0B1CC2FDAB006CF314 /* HomeScreenTableViewHeader.swift */,
				B6268AD51CC99A2600486ECF /* StoryListTableHeader.xib */,
				B6268AD71CC99B0600486ECF /* StoryListTableHeader.swift */,
			);
			name = "Table Headers";
			sourceTree = "<group>";
		};
		B6F9AC041CC29A37006CF314 /* Table Footers */ = {
			isa = PBXGroup;
			children = (
				B6E6147F1CC01B1D003FB446 /* BLSideMenuTableFooter.swift */,
				B6E614811CC01B30003FB446 /* BLSideMenuTableFooter.xib */,
			);
			name = "Table Footers";
			sourceTree = "<group>";
		};
		B6F9AC061CC29A6F006CF314 /* Table Cells */ = {
			isa = PBXGroup;
			children = (
				B6E6146C1CBD6138003FB446 /* BoardListSideMenuTableViewCell.swift */,
				B6E6146E1CBD6156003FB446 /* AgileLifeTableViewCell.swift */,
				B6F9AC071CC29A90006CF314 /* HomeScreenTableViewCell.xib */,
				B6F9AC091CC29D45006CF314 /* HomeScreenTableViewCell.swift */,
				B6268AC91CC797EA00486ECF /* StoryListTableViewCell.swift */,
				B6268ACB1CC7980000486ECF /* StoryListTableViewCell.xib */,
				B6F9AC1D1CC307DC006CF314 /* HomeScreenTableViewFooter.swift */,
				B6F9AC1B1CC307AB006CF314 /* HomeScreenTableViewFooter.xib */,
			);
			name = "Table Cells";
			sourceTree = "<group>";
		};
		B6F9AC2B1CC4EDCC006CF314 /* Entities */ = {
			isa = PBXGroup;
			children = (
				B6F9AC461CC50638006CF314 /* Boards+CoreDataProperties.swift */,
				B6F9AC471CC50638006CF314 /* Boards.swift */,
				B6F9AC481CC50638006CF314 /* Stories+CoreDataProperties.swift */,
				B6F9AC491CC50638006CF314 /* Stories.swift */,
				B6F9AC4A1CC50638006CF314 /* Subtasks+CoreDataProperties.swift */,
				B6F9AC4B1CC50638006CF314 /* Subtasks.swift */,
			);
			name = Entities;
			path = ..;
			sourceTree = "<group>";
		};
/* End PBXGroup section */

/* Begin PBXNativeTarget section */
		B6E614441CBC5381003FB446 /* AgileLife */ = {
			isa = PBXNativeTarget;
			buildConfigurationList = B6E6145A1CBC5381003FB446 /* Build configuration list for PBXNativeTarget "AgileLife" */;
			buildPhases = (
				B6E614411CBC5381003FB446 /* Sources */,
				B6E614421CBC5381003FB446 /* Frameworks */,
				B6E614431CBC5381003FB446 /* Resources */,
			);
			buildRules = (
			);
			dependencies = (
			);
			name = AgileLife;
			productName = AgileLife;
			productReference = B6E614451CBC5381003FB446 /* Agile Life.app */;
			productType = "com.apple.product-type.application";
		};
/* End PBXNativeTarget section */

/* Begin PBXProject section */
		B6E6143D1CBC5381003FB446 /* Project object */ = {
			isa = PBXProject;
			attributes = {
				LastSwiftUpdateCheck = 0720;
				LastUpgradeCheck = 0720;
				ORGANIZATIONNAME = "Full Sail University";
				TargetAttributes = {
					B6E614441CBC5381003FB446 = {
						CreatedOnToolsVersion = 7.2.1;
					};
				};
			};
			buildConfigurationList = B6E614401CBC5381003FB446 /* Build configuration list for PBXProject "AgileLife" */;
			compatibilityVersion = "Xcode 3.2";
			developmentRegion = English;
			hasScannedForEncodings = 0;
			knownRegions = (
				en,
				Base,
			);
			mainGroup = B6E6143C1CBC5381003FB446;
			productRefGroup = B6E614461CBC5381003FB446 /* Products */;
			projectDirPath = "";
			projectRoot = "";
			targets = (
				B6E614441CBC5381003FB446 /* AgileLife */,
			);
		};
/* End PBXProject section */

/* Begin PBXResourcesBuildPhase section */
		B6E614431CBC5381003FB446 /* Resources */ = {
			isa = PBXResourcesBuildPhase;
			buildActionMask = 2147483647;
			files = (
				B6268AD61CC99A2600486ECF /* StoryListTableHeader.xib in Resources */,
				B6F9AC101CC2FE56006CF314 /* HomeScreenTableViewHeader.xib in Resources */,
				B6268ACC1CC7980000486ECF /* StoryListTableViewCell.xib in Resources */,
				B6F9AC1C1CC307AB006CF314 /* HomeScreenTableViewFooter.xib in Resources */,
				B6E614561CBC5381003FB446 /* LaunchScreen.storyboard in Resources */,
				B6E6147A1CC01586003FB446 /* ALSideMenuTableHeader.xib in Resources */,
				B6E614531CBC5381003FB446 /* Assets.xcassets in Resources */,
				B6E614821CC01B30003FB446 /* BLSideMenuTableFooter.xib in Resources */,
				B6E6144E1CBC5381003FB446 /* Main.storyboard in Resources */,
				B6F9AC081CC29A90006CF314 /* HomeScreenTableViewCell.xib in Resources */,
				B6E614761CBF2E26003FB446 /* BLSideMenuTableHeader.xib in Resources */,
			);
			runOnlyForDeploymentPostprocessing = 0;
		};
/* End PBXResourcesBuildPhase section */

/* Begin PBXSourcesBuildPhase section */
		B6E614411CBC5381003FB446 /* Sources */ = {
			isa = PBXSourcesBuildPhase;
			buildActionMask = 2147483647;
			files = (
				B6E6147E1CC01930003FB446 /* ALSideMenuTableHeader.swift in Sources */,
				B6F9AC4F1CC50638006CF314 /* Stories.swift in Sources */,
				B6268AE11CCBFB6800486ECF /* EditStoryViewController.swift in Sources */,
				B6F9AC141CC3064B006CF314 /* DonateViewController.swift in Sources */,
				B6F9AC571CC64948006CF314 /* ViewDelegates.swift in Sources */,
				B6F9AC4D1CC50638006CF314 /* Boards.swift in Sources */,
				B6268ADD1CCA584100486ECF /* CreateSubtaskViewController.swift in Sources */,
				B6268AC81CC70CA400486ECF /* StageFourViewController.swift in Sources */,
				B6C986BC1CC6A11100B60D54 /* StoryListNavigationViewController.swift in Sources */,
				B6E614861CC06611003FB446 /* CreateBoardViewController.swift in Sources */,
				B6F9AC0A1CC29D45006CF314 /* HomeScreenTableViewCell.swift in Sources */,
				B6F9AC0C1CC2FDAB006CF314 /* HomeScreenTableViewHeader.swift in Sources */,
				B6268ADF1CCA6E1F00486ECF /* SubtaskDetailViewController.swift in Sources */,
				B6E614511CBC5381003FB446 /* AgileLife.xcdatamodeld in Sources */,
				B6F9AC1E1CC307DC006CF314 /* HomeScreenTableViewFooter.swift in Sources */,
				B6268AD01CC862ED00486ECF /* CreateStoryViewController.swift in Sources */,
				B6F9AC511CC50638006CF314 /* Subtasks.swift in Sources */,
				B6268AC21CC70C8700486ECF /* StageOneViewController.swift in Sources */,
				B6F9AC4E1CC50638006CF314 /* Stories+CoreDataProperties.swift in Sources */,
				B6268AC61CC70C9B00486ECF /* StageThreeViewController.swift in Sources */,
				B6E6144B1CBC5381003FB446 /* HomeScreenViewController.swift in Sources */,
				B6F9AC551CC646DB006CF314 /* GlobalEnums.swift in Sources */,
				B6E614781CBF2FC4003FB446 /* BLSideMenuTableHeader.swift in Sources */,
				B6268ACA1CC797EA00486ECF /* StoryListTableViewCell.swift in Sources */,
				B6268ADA1CC9B7F700486ECF /* StoryDetailViewController.swift in Sources */,
				B6E614801CC01B1D003FB446 /* BLSideMenuTableFooter.swift in Sources */,
				B6E614491CBC5381003FB446 /* AppDelegate.swift in Sources */,
				B6E614691CBC71A8003FB446 /* ViewControllerExtensions.swift in Sources */,
				B6268AE31CCF8B2100486ECF /* EditSubtaskViewController.swift in Sources */,
				B6F9AC391CC4F1AD006CF314 /* CoreDataModels.swift in Sources */,
				B6E6146F1CBD6156003FB446 /* AgileLifeTableViewCell.swift in Sources */,
				B6F9AC1A1CC3066D006CF314 /* LegalViewController.swift in Sources */,
				B6F9AC161CC3065A006CF314 /* AboutViewController.swift in Sources */,
				B6E6146B1CBD5EA2003FB446 /* SideMenuViewController.swift in Sources */,
				B6268AD81CC99B0600486ECF /* StoryListTableHeader.swift in Sources */,
				B6E614611CBC54B4003FB446 /* SWRevealViewController.m in Sources */,
				B6E6146D1CBD6138003FB446 /* BoardListSideMenuTableViewCell.swift in Sources */,
				B6F9AC121CC3060F006CF314 /* StoryListViewController.swift in Sources */,
				B6F9AC181CC30664006CF314 /* SupportViewController.swift in Sources */,
				B6F9AC021CC28EB1006CF314 /* HomeScreenNavigationController.swift in Sources */,
				B6F9AC501CC50638006CF314 /* Subtasks+CoreDataProperties.swift in Sources */,
				B6268AC41CC70C9100486ECF /* StageTwoViewController.swift in Sources */,
				B6F9AC4C1CC50638006CF314 /* Boards+CoreDataProperties.swift in Sources */,
				B6268ACE1CC79E1200486ECF /* EditBoardViewController.swift in Sources */,
			);
			runOnlyForDeploymentPostprocessing = 0;
		};
/* End PBXSourcesBuildPhase section */

/* Begin PBXVariantGroup section */
		B6E6144C1CBC5381003FB446 /* Main.storyboard */ = {
			isa = PBXVariantGroup;
			children = (
				B6E6144D1CBC5381003FB446 /* Base */,
			);
			name = Main.storyboard;
			sourceTree = "<group>";
		};
		B6E614541CBC5381003FB446 /* LaunchScreen.storyboard */ = {
			isa = PBXVariantGroup;
			children = (
				B6E614551CBC5381003FB446 /* Base */,
			);
			name = LaunchScreen.storyboard;
			sourceTree = "<group>";
		};
/* End PBXVariantGroup section */

/* Begin XCBuildConfiguration section */
		B6E614581CBC5381003FB446 /* Debug */ = {
			isa = XCBuildConfiguration;
			buildSettings = {
				ALWAYS_SEARCH_USER_PATHS = NO;
				CLANG_CXX_LANGUAGE_STANDARD = "gnu++0x";
				CLANG_CXX_LIBRARY = "libc++";
				CLANG_ENABLE_MODULES = YES;
				CLANG_ENABLE_OBJC_ARC = YES;
				CLANG_WARN_BOOL_CONVERSION = YES;
				CLANG_WARN_CONSTANT_CONVERSION = YES;
				CLANG_WARN_DIRECT_OBJC_ISA_USAGE = YES_ERROR;
				CLANG_WARN_EMPTY_BODY = YES;
				CLANG_WARN_ENUM_CONVERSION = YES;
				CLANG_WARN_INT_CONVERSION = YES;
				CLANG_WARN_OBJC_ROOT_CLASS = YES_ERROR;
				CLANG_WARN_UNREACHABLE_CODE = YES;
				CLANG_WARN__DUPLICATE_METHOD_MATCH = YES;
				"CODE_SIGN_IDENTITY[sdk=iphoneos*]" = "iPhone Developer";
				COPY_PHASE_STRIP = NO;
				DEBUG_INFORMATION_FORMAT = dwarf;
				ENABLE_STRICT_OBJC_MSGSEND = YES;
				ENABLE_TESTABILITY = YES;
				GCC_C_LANGUAGE_STANDARD = gnu99;
				GCC_DYNAMIC_NO_PIC = NO;
				GCC_NO_COMMON_BLOCKS = YES;
				GCC_OPTIMIZATION_LEVEL = 0;
				GCC_PREPROCESSOR_DEFINITIONS = (
					"DEBUG=1",
					"$(inherited)",
				);
				GCC_WARN_64_TO_32_BIT_CONVERSION = YES;
				GCC_WARN_ABOUT_RETURN_TYPE = YES_ERROR;
				GCC_WARN_UNDECLARED_SELECTOR = YES;
				GCC_WARN_UNINITIALIZED_AUTOS = YES_AGGRESSIVE;
				GCC_WARN_UNUSED_FUNCTION = YES;
				GCC_WARN_UNUSED_VARIABLE = YES;
				IPHONEOS_DEPLOYMENT_TARGET = 9.2;
				MTL_ENABLE_DEBUG_INFO = YES;
				ONLY_ACTIVE_ARCH = YES;
				SDKROOT = iphoneos;
				SWIFT_OPTIMIZATION_LEVEL = "-Onone";
				TARGETED_DEVICE_FAMILY = "1,2";
			};
			name = Debug;
		};
		B6E614591CBC5381003FB446 /* Release */ = {
			isa = XCBuildConfiguration;
			buildSettings = {
				ALWAYS_SEARCH_USER_PATHS = NO;
				CLANG_CXX_LANGUAGE_STANDARD = "gnu++0x";
				CLANG_CXX_LIBRARY = "libc++";
				CLANG_ENABLE_MODULES = YES;
				CLANG_ENABLE_OBJC_ARC = YES;
				CLANG_WARN_BOOL_CONVERSION = YES;
				CLANG_WARN_CONSTANT_CONVERSION = YES;
				CLANG_WARN_DIRECT_OBJC_ISA_USAGE = YES_ERROR;
				CLANG_WARN_EMPTY_BODY = YES;
				CLANG_WARN_ENUM_CONVERSION = YES;
				CLANG_WARN_INT_CONVERSION = YES;
				CLANG_WARN_OBJC_ROOT_CLASS = YES_ERROR;
				CLANG_WARN_UNREACHABLE_CODE = YES;
				CLANG_WARN__DUPLICATE_METHOD_MATCH = YES;
				"CODE_SIGN_IDENTITY[sdk=iphoneos*]" = "iPhone Developer";
				COPY_PHASE_STRIP = NO;
				DEBUG_INFORMATION_FORMAT = "dwarf-with-dsym";
				ENABLE_NS_ASSERTIONS = NO;
				ENABLE_STRICT_OBJC_MSGSEND = YES;
				GCC_C_LANGUAGE_STANDARD = gnu99;
				GCC_NO_COMMON_BLOCKS = YES;
				GCC_WARN_64_TO_32_BIT_CONVERSION = YES;
				GCC_WARN_ABOUT_RETURN_TYPE = YES_ERROR;
				GCC_WARN_UNDECLARED_SELECTOR = YES;
				GCC_WARN_UNINITIALIZED_AUTOS = YES_AGGRESSIVE;
				GCC_WARN_UNUSED_FUNCTION = YES;
				GCC_WARN_UNUSED_VARIABLE = YES;
				IPHONEOS_DEPLOYMENT_TARGET = 9.2;
				MTL_ENABLE_DEBUG_INFO = NO;
				SDKROOT = iphoneos;
				TARGETED_DEVICE_FAMILY = "1,2";
				VALIDATE_PRODUCT = YES;
			};
			name = Release;
		};
		B6E6145B1CBC5381003FB446 /* Debug */ = {
			isa = XCBuildConfiguration;
			buildSettings = {
				ASSETCATALOG_COMPILER_APPICON_NAME = AppIcon;
				CLANG_ENABLE_MODULES = YES;
				CODE_SIGN_IDENTITY = "iPhone Developer";
				INFOPLIST_FILE = AgileLife/Info.plist;
				LD_RUNPATH_SEARCH_PATHS = "$(inherited) @executable_path/Frameworks";
				PRODUCT_BUNDLE_IDENTIFIER = com.fullsail.zacharygover.AgileLife;
				PRODUCT_NAME = "Agile Life";
				SWIFT_OBJC_BRIDGING_HEADER = "AgileLife/AgileLife-Bridging-Header.h";
				SWIFT_OPTIMIZATION_LEVEL = "-Onone";
			};
			name = Debug;
		};
		B6E6145C1CBC5381003FB446 /* Release */ = {
			isa = XCBuildConfiguration;
			buildSettings = {
				ASSETCATALOG_COMPILER_APPICON_NAME = AppIcon;
				CLANG_ENABLE_MODULES = YES;
				CODE_SIGN_IDENTITY = "iPhone Developer";
				INFOPLIST_FILE = AgileLife/Info.plist;
				LD_RUNPATH_SEARCH_PATHS = "$(inherited) @executable_path/Frameworks";
				PRODUCT_BUNDLE_IDENTIFIER = com.fullsail.zacharygover.AgileLife;
				PRODUCT_NAME = "Agile Life";
				SWIFT_OBJC_BRIDGING_HEADER = "AgileLife/AgileLife-Bridging-Header.h";
			};
			name = Release;
		};
/* End XCBuildConfiguration section */

/* Begin XCConfigurationList section */
		B6E614401CBC5381003FB446 /* Build configuration list for PBXProject "AgileLife" */ = {
			isa = XCConfigurationList;
			buildConfigurations = (
				B6E614581CBC5381003FB446 /* Debug */,
				B6E614591CBC5381003FB446 /* Release */,
			);
			defaultConfigurationIsVisible = 0;
			defaultConfigurationName = Release;
		};
		B6E6145A1CBC5381003FB446 /* Build configuration list for PBXNativeTarget "AgileLife" */ = {
			isa = XCConfigurationList;
			buildConfigurations = (
				B6E6145B1CBC5381003FB446 /* Debug */,
				B6E6145C1CBC5381003FB446 /* Release */,
			);
			defaultConfigurationIsVisible = 0;
			defaultConfigurationName = Release;
		};
/* End XCConfigurationList section */

/* Begin XCVersionGroup section */
		B6E6144F1CBC5381003FB446 /* AgileLife.xcdatamodeld */ = {
			isa = XCVersionGroup;
			children = (
				B6E614501CBC5381003FB446 /* AgileLife.xcdatamodel */,
			);
			currentVersion = B6E614501CBC5381003FB446 /* AgileLife.xcdatamodel */;
			path = AgileLife.xcdatamodeld;
			sourceTree = "<group>";
			versionGroupType = wrapper.xcdatamodel;
		};
/* End XCVersionGroup section */
	};
	rootObject = B6E6143D1CBC5381003FB446 /* Project object */;
}
